// !$*UTF8*$!
{
	archiveVersion = 1;
	classes = {
	};
	objectVersion = 48;
	objects = {

/* Begin PBXBuildFile section */
		619CEBFEB4045BE61841259B /* Pods_EventsManager.framework in Frameworks */ = {isa = PBXBuildFile; fileRef = 203EF1ECAA23F1DF15B70B81 /* Pods_EventsManager.framework */; };
		87D045C51B04D8A2013C80FB /* Pods_EventsManagerTests.framework in Frameworks */ = {isa = PBXBuildFile; fileRef = F06EBD29F37E13103AA0D792 /* Pods_EventsManagerTests.framework */; };
		A11D265F20FAF0D9001712E6 /* Localizable.strings in Resources */ = {isa = PBXBuildFile; fileRef = A11D265E20FAF0D9001712E6 /* Localizable.strings */; };
		A40E37CF201E91CA00B3AFA4 /* AppDelegate.swift in Sources */ = {isa = PBXBuildFile; fileRef = A40E37CE201E91CA00B3AFA4 /* AppDelegate.swift */; };
		A40E37D6201E91CA00B3AFA4 /* Assets.xcassets in Resources */ = {isa = PBXBuildFile; fileRef = A40E37D5201E91CA00B3AFA4 /* Assets.xcassets */; };
		A40E37D9201E91CA00B3AFA4 /* LaunchScreen.storyboard in Resources */ = {isa = PBXBuildFile; fileRef = A40E37D7201E91CA00B3AFA4 /* LaunchScreen.storyboard */; };
		A40E37E4201E91CA00B3AFA4 /* EventsManagerTests.swift in Sources */ = {isa = PBXBuildFile; fileRef = A40E37E3201E91CA00B3AFA4 /* EventsManagerTests.swift */; };
		A40E37EF201E91CA00B3AFA4 /* EventsManagerUITests.swift in Sources */ = {isa = PBXBuildFile; fileRef = A40E37EE201E91CA00B3AFA4 /* EventsManagerUITests.swift */; };
		AA03DC282061B8220059EE1B /* EventDetailViewController.swift in Sources */ = {isa = PBXBuildFile; fileRef = AA03DC272061B8220059EE1B /* EventDetailViewController.swift */; };
		AA04DEFA2134DFCB00FA0507 /* OrganizationTableViewCell.swift in Sources */ = {isa = PBXBuildFile; fileRef = AA04DEF92134DFCB00FA0507 /* OrganizationTableViewCell.swift */; };
		AA04DEFC2134E8C500FA0507 /* MyProfileHeaderFooterView.swift in Sources */ = {isa = PBXBuildFile; fileRef = AA04DEFB2134E8C500FA0507 /* MyProfileHeaderFooterView.swift */; };
		AA04DEFE2134EFAA00FA0507 /* MyProfileTagsTableViewCell.swift in Sources */ = {isa = PBXBuildFile; fileRef = AA04DEFD2134EFAA00FA0507 /* MyProfileTagsTableViewCell.swift */; };
		AA16F3D6231B44F40031DC67 /* GoogleAnalytics.swift in Sources */ = {isa = PBXBuildFile; fileRef = AA16F3D5231B44F40031DC67 /* GoogleAnalytics.swift */; };
		AA1FFF98208ED460007A5E5C /* EventCard.swift in Sources */ = {isa = PBXBuildFile; fileRef = AA1FFF97208ED460007A5E5C /* EventCard.swift */; };
		AA1FFF9A208EDB9C007A5E5C /* EventCardCell.swift in Sources */ = {isa = PBXBuildFile; fileRef = AA1FFF99208EDB9C007A5E5C /* EventCardCell.swift */; };
		AA25744722750ADD0077B15F /* CheckInternet.swift in Sources */ = {isa = PBXBuildFile; fileRef = AA25744622750ADD0077B15F /* CheckInternet.swift */; };
		AA4B5FC3214818E8005B5879 /* SearchOptions.swift in Sources */ = {isa = PBXBuildFile; fileRef = AA4B5FC2214818E8005B5879 /* SearchOptions.swift */; };
		AA58DE67207BF6F700CDC38E /* TagViewController.swift in Sources */ = {isa = PBXBuildFile; fileRef = AA58DE66207BF6F700CDC38E /* TagViewController.swift */; };
		AA5B784D2076E29F00D15262 /* EventTagButton.swift in Sources */ = {isa = PBXBuildFile; fileRef = AA5B784C2076E29F00D15262 /* EventTagButton.swift */; };
		AA5C52DE2152EF0000321FA3 /* dosis.bold.ttf in Resources */ = {isa = PBXBuildFile; fileRef = AA5C52DD2152EF0000321FA3 /* dosis.bold.ttf */; };
		AA6B45202276285C009925FF /* GenericLoadingHelper.swift in Sources */ = {isa = PBXBuildFile; fileRef = AA6B451F2276285C009925FF /* GenericLoadingHelper.swift */; };
		AA7C451F21EEA74300B3241F /* ForYouViewController.swift in Sources */ = {isa = PBXBuildFile; fileRef = AA7C451E21EEA74300B3241F /* ForYouViewController.swift */; };
		AA873B4C207D616900BD413B /* DateFormatHelper.swift in Sources */ = {isa = PBXBuildFile; fileRef = AA873B4B207D616900BD413B /* DateFormatHelper.swift */; };
		AA8861F7223D6FE500DE9180 /* Location.swift in Sources */ = {isa = PBXBuildFile; fileRef = AA8861F6223D6FE500DE9180 /* Location.swift */; };
		AAAA17B820919A3B00CC2ACA /* DatePickerTagView.swift in Sources */ = {isa = PBXBuildFile; fileRef = AAAA17B720919A3B00CC2ACA /* DatePickerTagView.swift */; };
		AABA674E20C6E5D500363899 /* Organization.swift in Sources */ = {isa = PBXBuildFile; fileRef = AABA674D20C6E5D500363899 /* Organization.swift */; };
		AABA675020C6E5DD00363899 /* User.swift in Sources */ = {isa = PBXBuildFile; fileRef = AABA674F20C6E5DD00363899 /* User.swift */; };
		AABA675220C6E5E400363899 /* Tag.swift in Sources */ = {isa = PBXBuildFile; fileRef = AABA675120C6E5E400363899 /* Tag.swift */; };
		AABA675420C7244600363899 /* MyEventsDatePickerView.swift in Sources */ = {isa = PBXBuildFile; fileRef = AABA675320C7244600363899 /* MyEventsDatePickerView.swift */; };
		AAC2C7FC21362CA500EBCC64 /* MyProfileSettingsTableViewCell.swift in Sources */ = {isa = PBXBuildFile; fileRef = AAC2C7FB21362CA500EBCC64 /* MyProfileSettingsTableViewCell.swift */; };
		AAC2C7FE2136374400EBCC64 /* ReminderTimeOptions.swift in Sources */ = {isa = PBXBuildFile; fileRef = AAC2C7FD2136374400EBCC64 /* ReminderTimeOptions.swift */; };
		AAD334EA2151E83100312F31 /* LoginViewController.swift in Sources */ = {isa = PBXBuildFile; fileRef = AAD334E92151E83100312F31 /* LoginViewController.swift */; };
		AAD334EC215204C600312F31 /* AppData.swift in Sources */ = {isa = PBXBuildFile; fileRef = AAD334EB215204C600312F31 /* AppData.swift */; };
		AAD334F2215232AA00312F31 /* dosis.semibold.ttf in Resources */ = {isa = PBXBuildFile; fileRef = AAD334F12152327B00312F31 /* dosis.semibold.ttf */; };
		AAD334F3215232AA00312F31 /* dosis.medium.ttf in Resources */ = {isa = PBXBuildFile; fileRef = AAD334F02152327600312F31 /* dosis.medium.ttf */; };
		AAD334F4215232AA00312F31 /* dosis.book.ttf in Resources */ = {isa = PBXBuildFile; fileRef = AAD334EF2152327100312F31 /* dosis.book.ttf */; };
		AAD3E05021444461000B5000 /* EventsSearchViewController.swift in Sources */ = {isa = PBXBuildFile; fileRef = AAD3E04F21444461000B5000 /* EventsSearchViewController.swift */; };
		AAD3E0522144B34F000B5000 /* EventDateHelper.swift in Sources */ = {isa = PBXBuildFile; fileRef = AAD3E0512144B34F000B5000 /* EventDateHelper.swift */; };
		AAD3E054214500D5000B5000 /* SearchEmtpyStateView.swift in Sources */ = {isa = PBXBuildFile; fileRef = AAD3E053214500D5000B5000 /* SearchEmtpyStateView.swift */; };
		AAD7D1CA2156C71D003C58E6 /* OnBoardingViewController.swift in Sources */ = {isa = PBXBuildFile; fileRef = AAD7D1C92156C71D003C58E6 /* OnBoardingViewController.swift */; };
		AAD7D1CE2156E997003C58E6 /* Simulator Screen Shot - iPhone XS - 2018-09-22 at 17.19.52.png in Resources */ = {isa = PBXBuildFile; fileRef = AAD7D1CB2156E997003C58E6 /* Simulator Screen Shot - iPhone XS - 2018-09-22 at 17.19.52.png */; };
		AAD7D1CF2156E997003C58E6 /* Simulator Screen Shot - iPhone XS - 2018-09-22 at 17.19.47.png in Resources */ = {isa = PBXBuildFile; fileRef = AAD7D1CC2156E997003C58E6 /* Simulator Screen Shot - iPhone XS - 2018-09-22 at 17.19.47.png */; };
		AAD7D1D02156E997003C58E6 /* Simulator Screen Shot - iPhone XS - 2018-09-22 at 17.19.20.png in Resources */ = {isa = PBXBuildFile; fileRef = AAD7D1CD2156E997003C58E6 /* Simulator Screen Shot - iPhone XS - 2018-09-22 at 17.19.20.png */; };
		AADAFB2920DA019D000F72E3 /* OrganizationViewController.swift in Sources */ = {isa = PBXBuildFile; fileRef = AADAFB2820DA019D000F72E3 /* OrganizationViewController.swift */; };
		AAE10F4920AF42530070F515 /* Internet.swift in Sources */ = {isa = PBXBuildFile; fileRef = AAE10F4820AF42530070F515 /* Internet.swift */; };
		AAE10F4B20AF42D50070F515 /* UserData.swift in Sources */ = {isa = PBXBuildFile; fileRef = AAE10F4A20AF42D50070F515 /* UserData.swift */; };
		AAF8FC6B209AA69900BF8277 /* EventTableHeaderFooterView.swift in Sources */ = {isa = PBXBuildFile; fileRef = AAF8FC6A209AA69900BF8277 /* EventTableHeaderFooterView.swift */; };
		AAF8FC6D209AA9D200BF8277 /* SeeAllEventsHeaderFooterView.swift in Sources */ = {isa = PBXBuildFile; fileRef = AAF8FC6C209AA9D200BF8277 /* SeeAllEventsHeaderFooterView.swift */; };
		AAF8FC6F209AAF3500BF8277 /* EventListViewController.swift in Sources */ = {isa = PBXBuildFile; fileRef = AAF8FC6E209AAF3500BF8277 /* EventListViewController.swift */; };
		B8AB18432A62923AEF3E6DFE /* Pods_EventsManagerUITests.framework in Frameworks */ = {isa = PBXBuildFile; fileRef = 4AF47980A8E89AE42E0C0DE5 /* Pods_EventsManagerUITests.framework */; };
		DA75C217205ABDA700C1822C /* EventsDiscoveryTableViewCell.swift in Sources */ = {isa = PBXBuildFile; fileRef = DA75C216205ABDA700C1822C /* EventsDiscoveryTableViewCell.swift */; };
		DA75C21A205ABDB600C1822C /* EventsDiscoveryController.swift in Sources */ = {isa = PBXBuildFile; fileRef = DA75C218205ABDB600C1822C /* EventsDiscoveryController.swift */; };
		DA75C21D205ABDCD00C1822C /* Event.swift in Sources */ = {isa = PBXBuildFile; fileRef = DA75C21C205ABDCD00C1822C /* Event.swift */; };
		DA75C21F205ABEAD00C1822C /* TabBarViewController.swift in Sources */ = {isa = PBXBuildFile; fileRef = DA75C21E205ABEAD00C1822C /* TabBarViewController.swift */; };
		DA75C221205ABEEF00C1822C /* MyEventsViewController.swift in Sources */ = {isa = PBXBuildFile; fileRef = DA75C220205ABEEF00C1822C /* MyEventsViewController.swift */; };
		DA75C223205ABF0400C1822C /* MyProfileViewController.swift in Sources */ = {isa = PBXBuildFile; fileRef = DA75C222205ABF0400C1822C /* MyProfileViewController.swift */; };
		FC48D37B222B0D3F00A8F8DF /* PinkClickableButton.swift in Sources */ = {isa = PBXBuildFile; fileRef = FC48D37A222B0D3F00A8F8DF /* PinkClickableButton.swift */; };
		FCD0E4D622625F5E00E180DF /* JSONParserHelper.swift in Sources */ = {isa = PBXBuildFile; fileRef = FCD0E4D522625F5E00E180DF /* JSONParserHelper.swift */; };
		FCD0E4DA2262E12B00E180DF /* Endpoint.swift in Sources */ = {isa = PBXBuildFile; fileRef = FCD0E4D92262E12B00E180DF /* Endpoint.swift */; };
		FF6F7DED215FF16500F4B680 /* CheckableTableViewCell.swift in Sources */ = {isa = PBXBuildFile; fileRef = FF6F7DEC215FF16500F4B680 /* CheckableTableViewCell.swift */; };
		FF76428C218E227900ED7A11 /* Alert.swift in Sources */ = {isa = PBXBuildFile; fileRef = FF76428B218E227900ED7A11 /* Alert.swift */; };
		FF76428E218E228F00ED7A11 /* LoadingViewController.swift in Sources */ = {isa = PBXBuildFile; fileRef = FF76428D218E228F00ED7A11 /* LoadingViewController.swift */; };
		FFFD474F220949FD009BAE2D /* SF-Pro-Text-Regular.otf in Resources */ = {isa = PBXBuildFile; fileRef = FFFD474B220949FC009BAE2D /* SF-Pro-Text-Regular.otf */; };
		FFFD4750220949FD009BAE2D /* SF-Pro-Text-Light.otf in Resources */ = {isa = PBXBuildFile; fileRef = FFFD474C220949FC009BAE2D /* SF-Pro-Text-Light.otf */; };
		FFFD4751220949FD009BAE2D /* SF-Pro-Text-Semibold.otf in Resources */ = {isa = PBXBuildFile; fileRef = FFFD474D220949FD009BAE2D /* SF-Pro-Text-Semibold.otf */; };
		FFFD4752220949FD009BAE2D /* SF-Pro-Text-Bold.otf in Resources */ = {isa = PBXBuildFile; fileRef = FFFD474E220949FD009BAE2D /* SF-Pro-Text-Bold.otf */; };
/* End PBXBuildFile section */

/* Begin PBXContainerItemProxy section */
		A40E37E0201E91CA00B3AFA4 /* PBXContainerItemProxy */ = {
			isa = PBXContainerItemProxy;
			containerPortal = A40E37C3201E91CA00B3AFA4 /* Project object */;
			proxyType = 1;
			remoteGlobalIDString = A40E37CA201E91CA00B3AFA4;
			remoteInfo = EventsManager;
		};
		A40E37EB201E91CA00B3AFA4 /* PBXContainerItemProxy */ = {
			isa = PBXContainerItemProxy;
			containerPortal = A40E37C3201E91CA00B3AFA4 /* Project object */;
			proxyType = 1;
			remoteGlobalIDString = A40E37CA201E91CA00B3AFA4;
			remoteInfo = EventsManager;
		};
/* End PBXContainerItemProxy section */

/* Begin PBXFileReference section */
		203EF1ECAA23F1DF15B70B81 /* Pods_EventsManager.framework */ = {isa = PBXFileReference; explicitFileType = wrapper.framework; includeInIndex = 0; path = Pods_EventsManager.framework; sourceTree = BUILT_PRODUCTS_DIR; };
		35CB3C380407A6D7E385BEAA /* Pods-EventsManagerTests.release.xcconfig */ = {isa = PBXFileReference; includeInIndex = 1; lastKnownFileType = text.xcconfig; name = "Pods-EventsManagerTests.release.xcconfig"; path = "Pods/Target Support Files/Pods-EventsManagerTests/Pods-EventsManagerTests.release.xcconfig"; sourceTree = "<group>"; };
		4AF47980A8E89AE42E0C0DE5 /* Pods_EventsManagerUITests.framework */ = {isa = PBXFileReference; explicitFileType = wrapper.framework; includeInIndex = 0; path = Pods_EventsManagerUITests.framework; sourceTree = BUILT_PRODUCTS_DIR; };
		A104FEAB92912BC2D8036A27 /* Pods-EventsManagerTests.debug.xcconfig */ = {isa = PBXFileReference; includeInIndex = 1; lastKnownFileType = text.xcconfig; name = "Pods-EventsManagerTests.debug.xcconfig"; path = "Pods/Target Support Files/Pods-EventsManagerTests/Pods-EventsManagerTests.debug.xcconfig"; sourceTree = "<group>"; };
		A11D265E20FAF0D9001712E6 /* Localizable.strings */ = {isa = PBXFileReference; fileEncoding = 4; lastKnownFileType = text.plist.strings; path = Localizable.strings; sourceTree = "<group>"; };
		A40E37CB201E91CA00B3AFA4 /* EventsManager.app */ = {isa = PBXFileReference; explicitFileType = wrapper.application; includeInIndex = 0; path = EventsManager.app; sourceTree = BUILT_PRODUCTS_DIR; };
		A40E37CE201E91CA00B3AFA4 /* AppDelegate.swift */ = {isa = PBXFileReference; lastKnownFileType = sourcecode.swift; path = AppDelegate.swift; sourceTree = "<group>"; };
		A40E37D5201E91CA00B3AFA4 /* Assets.xcassets */ = {isa = PBXFileReference; lastKnownFileType = folder.assetcatalog; path = Assets.xcassets; sourceTree = "<group>"; };
		A40E37D8201E91CA00B3AFA4 /* Base */ = {isa = PBXFileReference; lastKnownFileType = file.storyboard; name = Base; path = Base.lproj/LaunchScreen.storyboard; sourceTree = "<group>"; };
		A40E37DA201E91CA00B3AFA4 /* Info.plist */ = {isa = PBXFileReference; lastKnownFileType = text.plist.xml; path = Info.plist; sourceTree = "<group>"; };
		A40E37DF201E91CA00B3AFA4 /* EventsManagerTests.xctest */ = {isa = PBXFileReference; explicitFileType = wrapper.cfbundle; includeInIndex = 0; path = EventsManagerTests.xctest; sourceTree = BUILT_PRODUCTS_DIR; };
		A40E37E3201E91CA00B3AFA4 /* EventsManagerTests.swift */ = {isa = PBXFileReference; lastKnownFileType = sourcecode.swift; path = EventsManagerTests.swift; sourceTree = "<group>"; };
		A40E37E5201E91CA00B3AFA4 /* Info.plist */ = {isa = PBXFileReference; lastKnownFileType = text.plist.xml; path = Info.plist; sourceTree = "<group>"; };
		A40E37EA201E91CA00B3AFA4 /* EventsManagerUITests.xctest */ = {isa = PBXFileReference; explicitFileType = wrapper.cfbundle; includeInIndex = 0; path = EventsManagerUITests.xctest; sourceTree = BUILT_PRODUCTS_DIR; };
		A40E37EE201E91CA00B3AFA4 /* EventsManagerUITests.swift */ = {isa = PBXFileReference; lastKnownFileType = sourcecode.swift; path = EventsManagerUITests.swift; sourceTree = "<group>"; };
		A40E37F0201E91CA00B3AFA4 /* Info.plist */ = {isa = PBXFileReference; lastKnownFileType = text.plist.xml; path = Info.plist; sourceTree = "<group>"; };
		A5B189B31913E827DEED20E2 /* Pods-EventsManager.debug.xcconfig */ = {isa = PBXFileReference; includeInIndex = 1; lastKnownFileType = text.xcconfig; name = "Pods-EventsManager.debug.xcconfig"; path = "Pods/Target Support Files/Pods-EventsManager/Pods-EventsManager.debug.xcconfig"; sourceTree = "<group>"; };
		AA03DC272061B8220059EE1B /* EventDetailViewController.swift */ = {isa = PBXFileReference; lastKnownFileType = sourcecode.swift; name = EventDetailViewController.swift; path = EventsManager/ViewControllers/EventDetailViewController.swift; sourceTree = SOURCE_ROOT; };
		AA04DEF92134DFCB00FA0507 /* OrganizationTableViewCell.swift */ = {isa = PBXFileReference; lastKnownFileType = sourcecode.swift; path = OrganizationTableViewCell.swift; sourceTree = "<group>"; };
		AA04DEFB2134E8C500FA0507 /* MyProfileHeaderFooterView.swift */ = {isa = PBXFileReference; lastKnownFileType = sourcecode.swift; path = MyProfileHeaderFooterView.swift; sourceTree = "<group>"; };
		AA04DEFD2134EFAA00FA0507 /* MyProfileTagsTableViewCell.swift */ = {isa = PBXFileReference; lastKnownFileType = sourcecode.swift; path = MyProfileTagsTableViewCell.swift; sourceTree = "<group>"; };
		AA16F3D2231B0ECD0031DC67 /* EventsManager-Bridging-Header.h */ = {isa = PBXFileReference; lastKnownFileType = sourcecode.c.h; path = "EventsManager-Bridging-Header.h"; sourceTree = "<group>"; };
		AA16F3D5231B44F40031DC67 /* GoogleAnalytics.swift */ = {isa = PBXFileReference; lastKnownFileType = sourcecode.swift; path = GoogleAnalytics.swift; sourceTree = "<group>"; };
		AA1FFF97208ED460007A5E5C /* EventCard.swift */ = {isa = PBXFileReference; lastKnownFileType = sourcecode.swift; name = EventCard.swift; path = EventsManager/Views/EventCard.swift; sourceTree = SOURCE_ROOT; };
		AA1FFF99208EDB9C007A5E5C /* EventCardCell.swift */ = {isa = PBXFileReference; lastKnownFileType = sourcecode.swift; name = EventCardCell.swift; path = EventsManager/Views/EventCardCell.swift; sourceTree = SOURCE_ROOT; };
		AA25744622750ADD0077B15F /* CheckInternet.swift */ = {isa = PBXFileReference; lastKnownFileType = sourcecode.swift; path = CheckInternet.swift; sourceTree = "<group>"; };
		AA4B5FC2214818E8005B5879 /* SearchOptions.swift */ = {isa = PBXFileReference; lastKnownFileType = sourcecode.swift; path = SearchOptions.swift; sourceTree = "<group>"; };
		AA58DE66207BF6F700CDC38E /* TagViewController.swift */ = {isa = PBXFileReference; lastKnownFileType = sourcecode.swift; name = TagViewController.swift; path = EventsManager/ViewControllers/TagViewController.swift; sourceTree = SOURCE_ROOT; };
		AA5B784C2076E29F00D15262 /* EventTagButton.swift */ = {isa = PBXFileReference; lastKnownFileType = sourcecode.swift; name = EventTagButton.swift; path = EventsManager/Views/EventTagButton.swift; sourceTree = SOURCE_ROOT; };
		AA5C52DD2152EF0000321FA3 /* dosis.bold.ttf */ = {isa = PBXFileReference; lastKnownFileType = file; path = dosis.bold.ttf; sourceTree = "<group>"; };
		AA6B451F2276285C009925FF /* GenericLoadingHelper.swift */ = {isa = PBXFileReference; lastKnownFileType = sourcecode.swift; path = GenericLoadingHelper.swift; sourceTree = "<group>"; };
		AA7C451E21EEA74300B3241F /* ForYouViewController.swift */ = {isa = PBXFileReference; lastKnownFileType = sourcecode.swift; path = ForYouViewController.swift; sourceTree = "<group>"; };
		AA873B4B207D616900BD413B /* DateFormatHelper.swift */ = {isa = PBXFileReference; lastKnownFileType = sourcecode.swift; path = DateFormatHelper.swift; sourceTree = "<group>"; };
		AA8861F6223D6FE500DE9180 /* Location.swift */ = {isa = PBXFileReference; lastKnownFileType = sourcecode.swift; path = Location.swift; sourceTree = "<group>"; };
		AAAA17B720919A3B00CC2ACA /* DatePickerTagView.swift */ = {isa = PBXFileReference; lastKnownFileType = sourcecode.swift; name = DatePickerTagView.swift; path = EventsManager/Views/DatePickerTagView.swift; sourceTree = SOURCE_ROOT; };
		AABA674D20C6E5D500363899 /* Organization.swift */ = {isa = PBXFileReference; fileEncoding = 4; lastKnownFileType = sourcecode.swift; name = Organization.swift; path = EventsManager/Models/Organization.swift; sourceTree = SOURCE_ROOT; };
		AABA674F20C6E5DD00363899 /* User.swift */ = {isa = PBXFileReference; fileEncoding = 4; lastKnownFileType = sourcecode.swift; name = User.swift; path = EventsManager/Models/User.swift; sourceTree = SOURCE_ROOT; };
		AABA675120C6E5E400363899 /* Tag.swift */ = {isa = PBXFileReference; fileEncoding = 4; lastKnownFileType = sourcecode.swift; name = Tag.swift; path = EventsManager/Models/Tag.swift; sourceTree = SOURCE_ROOT; };
		AABA675320C7244600363899 /* MyEventsDatePickerView.swift */ = {isa = PBXFileReference; lastKnownFileType = sourcecode.swift; name = MyEventsDatePickerView.swift; path = EventsManager/Views/MyEventsDatePickerView.swift; sourceTree = SOURCE_ROOT; };
		AAC2C7FB21362CA500EBCC64 /* MyProfileSettingsTableViewCell.swift */ = {isa = PBXFileReference; lastKnownFileType = sourcecode.swift; path = MyProfileSettingsTableViewCell.swift; sourceTree = "<group>"; };
		AAC2C7FD2136374400EBCC64 /* ReminderTimeOptions.swift */ = {isa = PBXFileReference; lastKnownFileType = sourcecode.swift; path = ReminderTimeOptions.swift; sourceTree = "<group>"; };
		AAD334E92151E83100312F31 /* LoginViewController.swift */ = {isa = PBXFileReference; lastKnownFileType = sourcecode.swift; path = LoginViewController.swift; sourceTree = "<group>"; };
		AAD334EB215204C600312F31 /* AppData.swift */ = {isa = PBXFileReference; lastKnownFileType = sourcecode.swift; path = AppData.swift; sourceTree = "<group>"; };
		AAD334EF2152327100312F31 /* dosis.book.ttf */ = {isa = PBXFileReference; lastKnownFileType = file; path = dosis.book.ttf; sourceTree = "<group>"; };
		AAD334F02152327600312F31 /* dosis.medium.ttf */ = {isa = PBXFileReference; lastKnownFileType = file; path = dosis.medium.ttf; sourceTree = "<group>"; };
		AAD334F12152327B00312F31 /* dosis.semibold.ttf */ = {isa = PBXFileReference; lastKnownFileType = file; path = dosis.semibold.ttf; sourceTree = "<group>"; };
		AAD3E04F21444461000B5000 /* EventsSearchViewController.swift */ = {isa = PBXFileReference; lastKnownFileType = sourcecode.swift; path = EventsSearchViewController.swift; sourceTree = "<group>"; };
		AAD3E0512144B34F000B5000 /* EventDateHelper.swift */ = {isa = PBXFileReference; lastKnownFileType = sourcecode.swift; path = EventDateHelper.swift; sourceTree = "<group>"; };
		AAD3E053214500D5000B5000 /* SearchEmtpyStateView.swift */ = {isa = PBXFileReference; lastKnownFileType = sourcecode.swift; path = SearchEmtpyStateView.swift; sourceTree = "<group>"; };
		AAD7D1C92156C71D003C58E6 /* OnBoardingViewController.swift */ = {isa = PBXFileReference; lastKnownFileType = sourcecode.swift; path = OnBoardingViewController.swift; sourceTree = "<group>"; };
		AAD7D1CB2156E997003C58E6 /* Simulator Screen Shot - iPhone XS - 2018-09-22 at 17.19.52.png */ = {isa = PBXFileReference; lastKnownFileType = image.png; path = "Simulator Screen Shot - iPhone XS - 2018-09-22 at 17.19.52.png"; sourceTree = "<group>"; };
		AAD7D1CC2156E997003C58E6 /* Simulator Screen Shot - iPhone XS - 2018-09-22 at 17.19.47.png */ = {isa = PBXFileReference; lastKnownFileType = image.png; path = "Simulator Screen Shot - iPhone XS - 2018-09-22 at 17.19.47.png"; sourceTree = "<group>"; };
		AAD7D1CD2156E997003C58E6 /* Simulator Screen Shot - iPhone XS - 2018-09-22 at 17.19.20.png */ = {isa = PBXFileReference; lastKnownFileType = image.png; path = "Simulator Screen Shot - iPhone XS - 2018-09-22 at 17.19.20.png"; sourceTree = "<group>"; };
		AADAFB2820DA019D000F72E3 /* OrganizationViewController.swift */ = {isa = PBXFileReference; lastKnownFileType = sourcecode.swift; name = OrganizationViewController.swift; path = EventsManager/ViewControllers/OrganizationViewController.swift; sourceTree = SOURCE_ROOT; };
		AAE10F4820AF42530070F515 /* Internet.swift */ = {isa = PBXFileReference; lastKnownFileType = sourcecode.swift; path = Internet.swift; sourceTree = "<group>"; };
		AAE10F4A20AF42D50070F515 /* UserData.swift */ = {isa = PBXFileReference; lastKnownFileType = sourcecode.swift; path = UserData.swift; sourceTree = "<group>"; };
		AAF8FC6A209AA69900BF8277 /* EventTableHeaderFooterView.swift */ = {isa = PBXFileReference; lastKnownFileType = sourcecode.swift; name = EventTableHeaderFooterView.swift; path = EventsManager/Views/EventTableHeaderFooterView.swift; sourceTree = SOURCE_ROOT; };
		AAF8FC6C209AA9D200BF8277 /* SeeAllEventsHeaderFooterView.swift */ = {isa = PBXFileReference; lastKnownFileType = sourcecode.swift; name = SeeAllEventsHeaderFooterView.swift; path = EventsManager/Views/SeeAllEventsHeaderFooterView.swift; sourceTree = SOURCE_ROOT; };
		AAF8FC6E209AAF3500BF8277 /* EventListViewController.swift */ = {isa = PBXFileReference; lastKnownFileType = sourcecode.swift; name = EventListViewController.swift; path = EventsManager/ViewControllers/EventListViewController.swift; sourceTree = SOURCE_ROOT; };
		C49C20E339E2728AE58F4507 /* Pods-EventsManager.release.xcconfig */ = {isa = PBXFileReference; includeInIndex = 1; lastKnownFileType = text.xcconfig; name = "Pods-EventsManager.release.xcconfig"; path = "Pods/Target Support Files/Pods-EventsManager/Pods-EventsManager.release.xcconfig"; sourceTree = "<group>"; };
		CB2AB3B6C27F698CDD077DDC /* Pods-EventsManagerUITests.release.xcconfig */ = {isa = PBXFileReference; includeInIndex = 1; lastKnownFileType = text.xcconfig; name = "Pods-EventsManagerUITests.release.xcconfig"; path = "Pods/Target Support Files/Pods-EventsManagerUITests/Pods-EventsManagerUITests.release.xcconfig"; sourceTree = "<group>"; };
		DA75C216205ABDA700C1822C /* EventsDiscoveryTableViewCell.swift */ = {isa = PBXFileReference; fileEncoding = 4; lastKnownFileType = sourcecode.swift; name = EventsDiscoveryTableViewCell.swift; path = EventsManager/Views/EventsDiscoveryTableViewCell.swift; sourceTree = SOURCE_ROOT; };
		DA75C218205ABDB600C1822C /* EventsDiscoveryController.swift */ = {isa = PBXFileReference; fileEncoding = 4; lastKnownFileType = sourcecode.swift; name = EventsDiscoveryController.swift; path = EventsManager/ViewControllers/EventsDiscoveryController.swift; sourceTree = SOURCE_ROOT; };
		DA75C21C205ABDCD00C1822C /* Event.swift */ = {isa = PBXFileReference; fileEncoding = 4; lastKnownFileType = sourcecode.swift; name = Event.swift; path = EventsManager/Models/Event.swift; sourceTree = SOURCE_ROOT; };
		DA75C21E205ABEAD00C1822C /* TabBarViewController.swift */ = {isa = PBXFileReference; lastKnownFileType = sourcecode.swift; name = TabBarViewController.swift; path = EventsManager/ViewControllers/TabBarViewController.swift; sourceTree = SOURCE_ROOT; };
		DA75C220205ABEEF00C1822C /* MyEventsViewController.swift */ = {isa = PBXFileReference; lastKnownFileType = sourcecode.swift; name = MyEventsViewController.swift; path = EventsManager/ViewControllers/MyEventsViewController.swift; sourceTree = SOURCE_ROOT; };
		DA75C222205ABF0400C1822C /* MyProfileViewController.swift */ = {isa = PBXFileReference; lastKnownFileType = sourcecode.swift; name = MyProfileViewController.swift; path = EventsManager/ViewControllers/MyProfileViewController.swift; sourceTree = SOURCE_ROOT; };
		F06EBD29F37E13103AA0D792 /* Pods_EventsManagerTests.framework */ = {isa = PBXFileReference; explicitFileType = wrapper.framework; includeInIndex = 0; path = Pods_EventsManagerTests.framework; sourceTree = BUILT_PRODUCTS_DIR; };
		F096C0D8F2A1649F807DCAE2 /* Pods-EventsManagerUITests.debug.xcconfig */ = {isa = PBXFileReference; includeInIndex = 1; lastKnownFileType = text.xcconfig; name = "Pods-EventsManagerUITests.debug.xcconfig"; path = "Pods/Target Support Files/Pods-EventsManagerUITests/Pods-EventsManagerUITests.debug.xcconfig"; sourceTree = "<group>"; };
		FC48D37A222B0D3F00A8F8DF /* PinkClickableButton.swift */ = {isa = PBXFileReference; lastKnownFileType = sourcecode.swift; path = PinkClickableButton.swift; sourceTree = "<group>"; };
		FCD0E4D422548ED800E180DF /* EventsManager copy-Info.plist */ = {isa = PBXFileReference; lastKnownFileType = text.plist.xml; name = "EventsManager copy-Info.plist"; path = "/Users/rodrigotaipe/Desktop/events-manager-ios/EventsManager copy-Info.plist"; sourceTree = "<absolute>"; };
		FCD0E4D522625F5E00E180DF /* JSONParserHelper.swift */ = {isa = PBXFileReference; lastKnownFileType = sourcecode.swift; path = JSONParserHelper.swift; sourceTree = "<group>"; };
		FCD0E4D92262E12B00E180DF /* Endpoint.swift */ = {isa = PBXFileReference; lastKnownFileType = sourcecode.swift; path = Endpoint.swift; sourceTree = "<group>"; };
		FF292A2F219E680A00A4E7F4 /* EventsManager.entitlements */ = {isa = PBXFileReference; lastKnownFileType = text.plist.entitlements; path = EventsManager.entitlements; sourceTree = "<group>"; };
		FF6F7DEC215FF16500F4B680 /* CheckableTableViewCell.swift */ = {isa = PBXFileReference; lastKnownFileType = sourcecode.swift; path = CheckableTableViewCell.swift; sourceTree = "<group>"; };
		FF76428B218E227900ED7A11 /* Alert.swift */ = {isa = PBXFileReference; fileEncoding = 4; lastKnownFileType = sourcecode.swift; path = Alert.swift; sourceTree = "<group>"; };
		FF76428D218E228F00ED7A11 /* LoadingViewController.swift */ = {isa = PBXFileReference; fileEncoding = 4; lastKnownFileType = sourcecode.swift; path = LoadingViewController.swift; sourceTree = "<group>"; };
		FFFD474B220949FC009BAE2D /* SF-Pro-Text-Regular.otf */ = {isa = PBXFileReference; lastKnownFileType = file; path = "SF-Pro-Text-Regular.otf"; sourceTree = "<group>"; };
		FFFD474C220949FC009BAE2D /* SF-Pro-Text-Light.otf */ = {isa = PBXFileReference; lastKnownFileType = file; path = "SF-Pro-Text-Light.otf"; sourceTree = "<group>"; };
		FFFD474D220949FD009BAE2D /* SF-Pro-Text-Semibold.otf */ = {isa = PBXFileReference; lastKnownFileType = file; path = "SF-Pro-Text-Semibold.otf"; sourceTree = "<group>"; };
		FFFD474E220949FD009BAE2D /* SF-Pro-Text-Bold.otf */ = {isa = PBXFileReference; lastKnownFileType = file; path = "SF-Pro-Text-Bold.otf"; sourceTree = "<group>"; };
/* End PBXFileReference section */

/* Begin PBXFrameworksBuildPhase section */
		A40E37C8201E91CA00B3AFA4 /* Frameworks */ = {
			isa = PBXFrameworksBuildPhase;
			buildActionMask = 2147483647;
			files = (
				619CEBFEB4045BE61841259B /* Pods_EventsManager.framework in Frameworks */,
			);
			runOnlyForDeploymentPostprocessing = 0;
		};
		A40E37DC201E91CA00B3AFA4 /* Frameworks */ = {
			isa = PBXFrameworksBuildPhase;
			buildActionMask = 2147483647;
			files = (
				87D045C51B04D8A2013C80FB /* Pods_EventsManagerTests.framework in Frameworks */,
			);
			runOnlyForDeploymentPostprocessing = 0;
		};
		A40E37E7201E91CA00B3AFA4 /* Frameworks */ = {
			isa = PBXFrameworksBuildPhase;
			buildActionMask = 2147483647;
			files = (
				B8AB18432A62923AEF3E6DFE /* Pods_EventsManagerUITests.framework in Frameworks */,
			);
			runOnlyForDeploymentPostprocessing = 0;
		};
/* End PBXFrameworksBuildPhase section */

/* Begin PBXGroup section */
		3F4B31CE4E51A85506CE71FB /* Frameworks */ = {
			isa = PBXGroup;
			children = (
				203EF1ECAA23F1DF15B70B81 /* Pods_EventsManager.framework */,
				F06EBD29F37E13103AA0D792 /* Pods_EventsManagerTests.framework */,
				4AF47980A8E89AE42E0C0DE5 /* Pods_EventsManagerUITests.framework */,
			);
			name = Frameworks;
			sourceTree = "<group>";
		};
		44166D12B508F9F574D62A87 /* Pods */ = {
			isa = PBXGroup;
			children = (
				A104FEAB92912BC2D8036A27 /* Pods-EventsManagerTests.debug.xcconfig */,
				35CB3C380407A6D7E385BEAA /* Pods-EventsManagerTests.release.xcconfig */,
				F096C0D8F2A1649F807DCAE2 /* Pods-EventsManagerUITests.debug.xcconfig */,
				CB2AB3B6C27F698CDD077DDC /* Pods-EventsManagerUITests.release.xcconfig */,
				A5B189B31913E827DEED20E2 /* Pods-EventsManager.debug.xcconfig */,
				C49C20E339E2728AE58F4507 /* Pods-EventsManager.release.xcconfig */,
			);
			name = Pods;
			sourceTree = "<group>";
		};
		A40E37C2201E91CA00B3AFA4 = {
			isa = PBXGroup;
			children = (
				A40E37CD201E91CA00B3AFA4 /* EventsManager */,
				A40E37E2201E91CA00B3AFA4 /* EventsManagerTests */,
				A40E37ED201E91CA00B3AFA4 /* EventsManagerUITests */,
				A40E37CC201E91CA00B3AFA4 /* Products */,
				44166D12B508F9F574D62A87 /* Pods */,
				3F4B31CE4E51A85506CE71FB /* Frameworks */,
				FCD0E4D422548ED800E180DF /* EventsManager copy-Info.plist */,
			);
			sourceTree = "<group>";
		};
		A40E37CC201E91CA00B3AFA4 /* Products */ = {
			isa = PBXGroup;
			children = (
				A40E37CB201E91CA00B3AFA4 /* EventsManager.app */,
				A40E37DF201E91CA00B3AFA4 /* EventsManagerTests.xctest */,
				A40E37EA201E91CA00B3AFA4 /* EventsManagerUITests.xctest */,
			);
			name = Products;
			sourceTree = "<group>";
		};
		A40E37CD201E91CA00B3AFA4 /* EventsManager */ = {
			isa = PBXGroup;
			children = (
				FF292A2F219E680A00A4E7F4 /* EventsManager.entitlements */,
				A40E37CE201E91CA00B3AFA4 /* AppDelegate.swift */,
				AAFE2FD7212222C500779FA1 /* Models */,
				DA75C224205ABF3C00C1822C /* Utilities */,
				AAFE2FD52122226E00779FA1 /* Views */,
				AAFE2FD32122224400779FA1 /* ViewControllers */,
				AAD334EE2152325500312F31 /* Resources */,
				A40E37D5201E91CA00B3AFA4 /* Assets.xcassets */,
				A40E37D7201E91CA00B3AFA4 /* LaunchScreen.storyboard */,
				A11D265E20FAF0D9001712E6 /* Localizable.strings */,
				A40E37DA201E91CA00B3AFA4 /* Info.plist */,
				AA16F3D2231B0ECD0031DC67 /* EventsManager-Bridging-Header.h */,
			);
			path = EventsManager;
			sourceTree = "<group>";
		};
		A40E37E2201E91CA00B3AFA4 /* EventsManagerTests */ = {
			isa = PBXGroup;
			children = (
				A40E37E3201E91CA00B3AFA4 /* EventsManagerTests.swift */,
				A40E37E5201E91CA00B3AFA4 /* Info.plist */,
			);
			path = EventsManagerTests;
			sourceTree = "<group>";
		};
		A40E37ED201E91CA00B3AFA4 /* EventsManagerUITests */ = {
			isa = PBXGroup;
			children = (
				A40E37EE201E91CA00B3AFA4 /* EventsManagerUITests.swift */,
				A40E37F0201E91CA00B3AFA4 /* Info.plist */,
			);
			path = EventsManagerUITests;
			sourceTree = "<group>";
		};
		AAD334EE2152325500312F31 /* Resources */ = {
			isa = PBXGroup;
			children = (
				FFFD474E220949FD009BAE2D /* SF-Pro-Text-Bold.otf */,
				FFFD474C220949FC009BAE2D /* SF-Pro-Text-Light.otf */,
				FFFD474B220949FC009BAE2D /* SF-Pro-Text-Regular.otf */,
				FFFD474D220949FD009BAE2D /* SF-Pro-Text-Semibold.otf */,
				AAD7D1CD2156E997003C58E6 /* Simulator Screen Shot - iPhone XS - 2018-09-22 at 17.19.20.png */,
				AAD7D1CC2156E997003C58E6 /* Simulator Screen Shot - iPhone XS - 2018-09-22 at 17.19.47.png */,
				AAD7D1CB2156E997003C58E6 /* Simulator Screen Shot - iPhone XS - 2018-09-22 at 17.19.52.png */,
				AA5C52DD2152EF0000321FA3 /* dosis.bold.ttf */,
				AAD334F12152327B00312F31 /* dosis.semibold.ttf */,
				AAD334F02152327600312F31 /* dosis.medium.ttf */,
				AAD334EF2152327100312F31 /* dosis.book.ttf */,
			);
			path = Resources;
			sourceTree = "<group>";
		};
		AAFE2FD32122224400779FA1 /* ViewControllers */ = {
			isa = PBXGroup;
			children = (
				FF76428D218E228F00ED7A11 /* LoadingViewController.swift */,
				DA75C218205ABDB600C1822C /* EventsDiscoveryController.swift */,
				DA75C21E205ABEAD00C1822C /* TabBarViewController.swift */,
				DA75C220205ABEEF00C1822C /* MyEventsViewController.swift */,
				DA75C222205ABF0400C1822C /* MyProfileViewController.swift */,
				AA03DC272061B8220059EE1B /* EventDetailViewController.swift */,
				AA58DE66207BF6F700CDC38E /* TagViewController.swift */,
				AAF8FC6E209AAF3500BF8277 /* EventListViewController.swift */,
				AADAFB2820DA019D000F72E3 /* OrganizationViewController.swift */,
				AAD3E04F21444461000B5000 /* EventsSearchViewController.swift */,
				AAD334E92151E83100312F31 /* LoginViewController.swift */,
				AAD7D1C92156C71D003C58E6 /* OnBoardingViewController.swift */,
				AA7C451E21EEA74300B3241F /* ForYouViewController.swift */,
			);
			path = ViewControllers;
			sourceTree = "<group>";
		};
		AAFE2FD52122226E00779FA1 /* Views */ = {
			isa = PBXGroup;
			children = (
				DA75C216205ABDA700C1822C /* EventsDiscoveryTableViewCell.swift */,
				FC48D37A222B0D3F00A8F8DF /* PinkClickableButton.swift */,
				AA5B784C2076E29F00D15262 /* EventTagButton.swift */,
				AA1FFF97208ED460007A5E5C /* EventCard.swift */,
				AA1FFF99208EDB9C007A5E5C /* EventCardCell.swift */,
				AAAA17B720919A3B00CC2ACA /* DatePickerTagView.swift */,
				AAF8FC6A209AA69900BF8277 /* EventTableHeaderFooterView.swift */,
				AAF8FC6C209AA9D200BF8277 /* SeeAllEventsHeaderFooterView.swift */,
				AABA675320C7244600363899 /* MyEventsDatePickerView.swift */,
				AA04DEF92134DFCB00FA0507 /* OrganizationTableViewCell.swift */,
				AA04DEFB2134E8C500FA0507 /* MyProfileHeaderFooterView.swift */,
				AA04DEFD2134EFAA00FA0507 /* MyProfileTagsTableViewCell.swift */,
				AAC2C7FB21362CA500EBCC64 /* MyProfileSettingsTableViewCell.swift */,
				AAD3E053214500D5000B5000 /* SearchEmtpyStateView.swift */,
				FF6F7DEC215FF16500F4B680 /* CheckableTableViewCell.swift */,
			);
			path = Views;
			sourceTree = "<group>";
		};
		AAFE2FD7212222C500779FA1 /* Models */ = {
			isa = PBXGroup;
			children = (
				AABA675120C6E5E400363899 /* Tag.swift */,
				AABA674F20C6E5DD00363899 /* User.swift */,
				AABA674D20C6E5D500363899 /* Organization.swift */,
				DA75C21C205ABDCD00C1822C /* Event.swift */,
				AAC2C7FD2136374400EBCC64 /* ReminderTimeOptions.swift */,
				AA4B5FC2214818E8005B5879 /* SearchOptions.swift */,
				AA8861F6223D6FE500DE9180 /* Location.swift */,
			);
			path = Models;
			sourceTree = "<group>";
		};
		DA75C224205ABF3C00C1822C /* Utilities */ = {
			isa = PBXGroup;
			children = (
				FF76428B218E227900ED7A11 /* Alert.swift */,
				AA25744622750ADD0077B15F /* CheckInternet.swift */,
				AA873B4B207D616900BD413B /* DateFormatHelper.swift */,
				AAE10F4820AF42530070F515 /* Internet.swift */,
				AAE10F4A20AF42D50070F515 /* UserData.swift */,
				AAD3E0512144B34F000B5000 /* EventDateHelper.swift */,
				AAD334EB215204C600312F31 /* AppData.swift */,
				FCD0E4D522625F5E00E180DF /* JSONParserHelper.swift */,
				FCD0E4D92262E12B00E180DF /* Endpoint.swift */,
				AA6B451F2276285C009925FF /* GenericLoadingHelper.swift */,
				AA16F3D5231B44F40031DC67 /* GoogleAnalytics.swift */,
			);
			path = Utilities;
			sourceTree = "<group>";
		};
/* End PBXGroup section */

/* Begin PBXNativeTarget section */
		A40E37CA201E91CA00B3AFA4 /* EventsManager */ = {
			isa = PBXNativeTarget;
			buildConfigurationList = A40E37F3201E91CA00B3AFA4 /* Build configuration list for PBXNativeTarget "EventsManager" */;
			buildPhases = (
				24D89CEBF8205D7A1B7E2C47 /* [CP] Check Pods Manifest.lock */,
				A40E37C7201E91CA00B3AFA4 /* Sources */,
				A40E37C8201E91CA00B3AFA4 /* Frameworks */,
				A40E37C9201E91CA00B3AFA4 /* Resources */,
				7127048394CCB00E2ED84C0F /* [CP] Embed Pods Frameworks */,
				23B9C4027DA9E64295476E12 /* [CP] Copy Pods Resources */,
				AA3CE536215FDC9C000251E5 /* ShellScript */,
			);
			buildRules = (
			);
			dependencies = (
			);
			name = EventsManager;
			productName = EventsManager;
			productReference = A40E37CB201E91CA00B3AFA4 /* EventsManager.app */;
			productType = "com.apple.product-type.application";
		};
		A40E37DE201E91CA00B3AFA4 /* EventsManagerTests */ = {
			isa = PBXNativeTarget;
			buildConfigurationList = A40E37F6201E91CA00B3AFA4 /* Build configuration list for PBXNativeTarget "EventsManagerTests" */;
			buildPhases = (
				666EC4872CB74C87AE88A292 /* [CP] Check Pods Manifest.lock */,
				A40E37DB201E91CA00B3AFA4 /* Sources */,
				A40E37DC201E91CA00B3AFA4 /* Frameworks */,
				A40E37DD201E91CA00B3AFA4 /* Resources */,
			);
			buildRules = (
			);
			dependencies = (
				A40E37E1201E91CA00B3AFA4 /* PBXTargetDependency */,
			);
			name = EventsManagerTests;
			productName = EventsManagerTests;
			productReference = A40E37DF201E91CA00B3AFA4 /* EventsManagerTests.xctest */;
			productType = "com.apple.product-type.bundle.unit-test";
		};
		A40E37E9201E91CA00B3AFA4 /* EventsManagerUITests */ = {
			isa = PBXNativeTarget;
			buildConfigurationList = A40E37F9201E91CA00B3AFA4 /* Build configuration list for PBXNativeTarget "EventsManagerUITests" */;
			buildPhases = (
				EC34332FF7928582725932F6 /* [CP] Check Pods Manifest.lock */,
				A40E37E6201E91CA00B3AFA4 /* Sources */,
				A40E37E7201E91CA00B3AFA4 /* Frameworks */,
				A40E37E8201E91CA00B3AFA4 /* Resources */,
			);
			buildRules = (
			);
			dependencies = (
				A40E37EC201E91CA00B3AFA4 /* PBXTargetDependency */,
			);
			name = EventsManagerUITests;
			productName = EventsManagerUITests;
			productReference = A40E37EA201E91CA00B3AFA4 /* EventsManagerUITests.xctest */;
			productType = "com.apple.product-type.bundle.ui-testing";
		};
/* End PBXNativeTarget section */

/* Begin PBXProject section */
		A40E37C3201E91CA00B3AFA4 /* Project object */ = {
			isa = PBXProject;
			attributes = {
				LastSwiftUpdateCheck = 0920;
				LastUpgradeCheck = 1020;
				ORGANIZATIONNAME = "Jagger Brulato";
				TargetAttributes = {
					A40E37CA201E91CA00B3AFA4 = {
						CreatedOnToolsVersion = 9.2;
						LastSwiftMigration = 1020;
						ProvisioningStyle = Automatic;
						SystemCapabilities = {
							com.apple.SafariKeychain = {
								enabled = 1;
							};
						};
					};
					A40E37DE201E91CA00B3AFA4 = {
						CreatedOnToolsVersion = 9.2;
						LastSwiftMigration = 1010;
						ProvisioningStyle = Automatic;
						TestTargetID = A40E37CA201E91CA00B3AFA4;
					};
					A40E37E9201E91CA00B3AFA4 = {
						CreatedOnToolsVersion = 9.2;
						LastSwiftMigration = 1010;
						ProvisioningStyle = Automatic;
						TestTargetID = A40E37CA201E91CA00B3AFA4;
					};
				};
			};
			buildConfigurationList = A40E37C6201E91CA00B3AFA4 /* Build configuration list for PBXProject "EventsManager" */;
			compatibilityVersion = "Xcode 8.0";
			developmentRegion = en;
			hasScannedForEncodings = 0;
			knownRegions = (
				en,
				Base,
			);
			mainGroup = A40E37C2201E91CA00B3AFA4;
			productRefGroup = A40E37CC201E91CA00B3AFA4 /* Products */;
			projectDirPath = "";
			projectRoot = "";
			targets = (
				A40E37CA201E91CA00B3AFA4 /* EventsManager */,
				A40E37DE201E91CA00B3AFA4 /* EventsManagerTests */,
				A40E37E9201E91CA00B3AFA4 /* EventsManagerUITests */,
			);
		};
/* End PBXProject section */

/* Begin PBXResourcesBuildPhase section */
		A40E37C9201E91CA00B3AFA4 /* Resources */ = {
			isa = PBXResourcesBuildPhase;
			buildActionMask = 2147483647;
			files = (
				AAD7D1CF2156E997003C58E6 /* Simulator Screen Shot - iPhone XS - 2018-09-22 at 17.19.47.png in Resources */,
				AAD334F2215232AA00312F31 /* dosis.semibold.ttf in Resources */,
				AAD334F3215232AA00312F31 /* dosis.medium.ttf in Resources */,
				AA5C52DE2152EF0000321FA3 /* dosis.bold.ttf in Resources */,
				FFFD474F220949FD009BAE2D /* SF-Pro-Text-Regular.otf in Resources */,
				AAD7D1CE2156E997003C58E6 /* Simulator Screen Shot - iPhone XS - 2018-09-22 at 17.19.52.png in Resources */,
				FFFD4752220949FD009BAE2D /* SF-Pro-Text-Bold.otf in Resources */,
				FFFD4751220949FD009BAE2D /* SF-Pro-Text-Semibold.otf in Resources */,
				AAD334F4215232AA00312F31 /* dosis.book.ttf in Resources */,
				A40E37D9201E91CA00B3AFA4 /* LaunchScreen.storyboard in Resources */,
				FFFD4750220949FD009BAE2D /* SF-Pro-Text-Light.otf in Resources */,
				A11D265F20FAF0D9001712E6 /* Localizable.strings in Resources */,
				AAD7D1D02156E997003C58E6 /* Simulator Screen Shot - iPhone XS - 2018-09-22 at 17.19.20.png in Resources */,
				A40E37D6201E91CA00B3AFA4 /* Assets.xcassets in Resources */,
			);
			runOnlyForDeploymentPostprocessing = 0;
		};
		A40E37DD201E91CA00B3AFA4 /* Resources */ = {
			isa = PBXResourcesBuildPhase;
			buildActionMask = 2147483647;
			files = (
			);
			runOnlyForDeploymentPostprocessing = 0;
		};
		A40E37E8201E91CA00B3AFA4 /* Resources */ = {
			isa = PBXResourcesBuildPhase;
			buildActionMask = 2147483647;
			files = (
			);
			runOnlyForDeploymentPostprocessing = 0;
		};
/* End PBXResourcesBuildPhase section */

/* Begin PBXShellScriptBuildPhase section */
		23B9C4027DA9E64295476E12 /* [CP] Copy Pods Resources */ = {
			isa = PBXShellScriptBuildPhase;
			buildActionMask = 2147483647;
			files = (
			);
			inputPaths = (
				"${PODS_ROOT}/Target Support Files/Pods-EventsManager/Pods-EventsManager-resources.sh",
				"${PODS_ROOT}/GoogleMaps/Maps/Frameworks/GoogleMaps.framework/Resources/GoogleMaps.bundle",
				"${PODS_ROOT}/GooglePlaces/Frameworks/GooglePlaces.framework/Resources/GooglePlaces.bundle",
				"${PODS_ROOT}/GoogleSignIn/Resources/GoogleSignIn.bundle",
			);
			name = "[CP] Copy Pods Resources";
			outputPaths = (
				"${TARGET_BUILD_DIR}/${UNLOCALIZED_RESOURCES_FOLDER_PATH}/GoogleMaps.bundle",
				"${TARGET_BUILD_DIR}/${UNLOCALIZED_RESOURCES_FOLDER_PATH}/GooglePlaces.bundle",
				"${TARGET_BUILD_DIR}/${UNLOCALIZED_RESOURCES_FOLDER_PATH}/GoogleSignIn.bundle",
			);
			runOnlyForDeploymentPostprocessing = 0;
			shellPath = /bin/sh;
			shellScript = "\"${PODS_ROOT}/Target Support Files/Pods-EventsManager/Pods-EventsManager-resources.sh\"\n";
			showEnvVarsInLog = 0;
		};
		24D89CEBF8205D7A1B7E2C47 /* [CP] Check Pods Manifest.lock */ = {
			isa = PBXShellScriptBuildPhase;
			buildActionMask = 2147483647;
			files = (
			);
			inputPaths = (
				"${PODS_PODFILE_DIR_PATH}/Podfile.lock",
				"${PODS_ROOT}/Manifest.lock",
			);
			name = "[CP] Check Pods Manifest.lock";
			outputPaths = (
				"$(DERIVED_FILE_DIR)/Pods-EventsManager-checkManifestLockResult.txt",
			);
			runOnlyForDeploymentPostprocessing = 0;
			shellPath = /bin/sh;
			shellScript = "diff \"${PODS_PODFILE_DIR_PATH}/Podfile.lock\" \"${PODS_ROOT}/Manifest.lock\" > /dev/null\nif [ $? != 0 ] ; then\n    # print error to STDERR\n    echo \"error: The sandbox is not in sync with the Podfile.lock. Run 'pod install' or update your CocoaPods installation.\" >&2\n    exit 1\nfi\n# This output is used by Xcode 'outputs' to avoid re-running this script phase.\necho \"SUCCESS\" > \"${SCRIPT_OUTPUT_FILE_0}\"\n";
			showEnvVarsInLog = 0;
		};
		666EC4872CB74C87AE88A292 /* [CP] Check Pods Manifest.lock */ = {
			isa = PBXShellScriptBuildPhase;
			buildActionMask = 2147483647;
			files = (
			);
			inputPaths = (
				"${PODS_PODFILE_DIR_PATH}/Podfile.lock",
				"${PODS_ROOT}/Manifest.lock",
			);
			name = "[CP] Check Pods Manifest.lock";
			outputPaths = (
				"$(DERIVED_FILE_DIR)/Pods-EventsManagerTests-checkManifestLockResult.txt",
			);
			runOnlyForDeploymentPostprocessing = 0;
			shellPath = /bin/sh;
			shellScript = "diff \"${PODS_PODFILE_DIR_PATH}/Podfile.lock\" \"${PODS_ROOT}/Manifest.lock\" > /dev/null\nif [ $? != 0 ] ; then\n    # print error to STDERR\n    echo \"error: The sandbox is not in sync with the Podfile.lock. Run 'pod install' or update your CocoaPods installation.\" >&2\n    exit 1\nfi\n# This output is used by Xcode 'outputs' to avoid re-running this script phase.\necho \"SUCCESS\" > \"${SCRIPT_OUTPUT_FILE_0}\"\n";
			showEnvVarsInLog = 0;
		};
		7127048394CCB00E2ED84C0F /* [CP] Embed Pods Frameworks */ = {
			isa = PBXShellScriptBuildPhase;
			buildActionMask = 2147483647;
			files = (
			);
			inputPaths = (
				"${PODS_ROOT}/Target Support Files/Pods-EventsManager/Pods-EventsManager-frameworks.sh",
				"${BUILT_PRODUCTS_DIR}/Alamofire/Alamofire.framework",
				"${BUILT_PRODUCTS_DIR}/AppAuth/AppAuth.framework",
				"${BUILT_PRODUCTS_DIR}/GTMAppAuth/GTMAppAuth.framework",
				"${BUILT_PRODUCTS_DIR}/GTMSessionFetcher/GTMSessionFetcher.framework",
				"${BUILT_PRODUCTS_DIR}/Kingfisher/Kingfisher.framework",
				"${BUILT_PRODUCTS_DIR}/SnapKit/SnapKit.framework",
				"${BUILT_PRODUCTS_DIR}/SwiftyJSON/SwiftyJSON.framework",
			);
			name = "[CP] Embed Pods Frameworks";
			outputPaths = (
				"${TARGET_BUILD_DIR}/${FRAMEWORKS_FOLDER_PATH}/Alamofire.framework",
				"${TARGET_BUILD_DIR}/${FRAMEWORKS_FOLDER_PATH}/AppAuth.framework",
				"${TARGET_BUILD_DIR}/${FRAMEWORKS_FOLDER_PATH}/GTMAppAuth.framework",
				"${TARGET_BUILD_DIR}/${FRAMEWORKS_FOLDER_PATH}/GTMSessionFetcher.framework",
				"${TARGET_BUILD_DIR}/${FRAMEWORKS_FOLDER_PATH}/Kingfisher.framework",
				"${TARGET_BUILD_DIR}/${FRAMEWORKS_FOLDER_PATH}/SnapKit.framework",
				"${TARGET_BUILD_DIR}/${FRAMEWORKS_FOLDER_PATH}/SwiftyJSON.framework",
			);
			runOnlyForDeploymentPostprocessing = 0;
			shellPath = /bin/sh;
			shellScript = "\"${PODS_ROOT}/Target Support Files/Pods-EventsManager/Pods-EventsManager-frameworks.sh\"\n";
			showEnvVarsInLog = 0;
		};
		AA3CE536215FDC9C000251E5 /* ShellScript */ = {
			isa = PBXShellScriptBuildPhase;
			buildActionMask = 2147483647;
			files = (
			);
			inputPaths = (
			);
			outputPaths = (
			);
			runOnlyForDeploymentPostprocessing = 0;
			shellPath = /bin/sh;
			shellScript = "
";
		};
		EC34332FF7928582725932F6 /* [CP] Check Pods Manifest.lock */ = {
			isa = PBXShellScriptBuildPhase;
			buildActionMask = 2147483647;
			files = (
			);
			inputPaths = (
				"${PODS_PODFILE_DIR_PATH}/Podfile.lock",
				"${PODS_ROOT}/Manifest.lock",
			);
			name = "[CP] Check Pods Manifest.lock";
			outputPaths = (
				"$(DERIVED_FILE_DIR)/Pods-EventsManagerUITests-checkManifestLockResult.txt",
			);
			runOnlyForDeploymentPostprocessing = 0;
			shellPath = /bin/sh;
			shellScript = "diff \"${PODS_PODFILE_DIR_PATH}/Podfile.lock\" \"${PODS_ROOT}/Manifest.lock\" > /dev/null\nif [ $? != 0 ] ; then\n    # print error to STDERR\n    echo \"error: The sandbox is not in sync with the Podfile.lock. Run 'pod install' or update your CocoaPods installation.\" >&2\n    exit 1\nfi\n# This output is used by Xcode 'outputs' to avoid re-running this script phase.\necho \"SUCCESS\" > \"${SCRIPT_OUTPUT_FILE_0}\"\n";
			showEnvVarsInLog = 0;
		};
/* End PBXShellScriptBuildPhase section */

/* Begin PBXSourcesBuildPhase section */
		A40E37C7201E91CA00B3AFA4 /* Sources */ = {
			isa = PBXSourcesBuildPhase;
			buildActionMask = 2147483647;
			files = (
				A40E37CF201E91CA00B3AFA4 /* AppDelegate.swift in Sources */,
				DA75C217205ABDA700C1822C /* EventsDiscoveryTableViewCell.swift in Sources */,
				DA75C221205ABEEF00C1822C /* MyEventsViewController.swift in Sources */,
				AA04DEFE2134EFAA00FA0507 /* MyProfileTagsTableViewCell.swift in Sources */,
				AA4B5FC3214818E8005B5879 /* SearchOptions.swift in Sources */,
				AABA674E20C6E5D500363899 /* Organization.swift in Sources */,
				AA1FFF9A208EDB9C007A5E5C /* EventCardCell.swift in Sources */,
				AAAA17B820919A3B00CC2ACA /* DatePickerTagView.swift in Sources */,
				AA7C451F21EEA74300B3241F /* ForYouViewController.swift in Sources */,
				AA5B784D2076E29F00D15262 /* EventTagButton.swift in Sources */,
				AAF8FC6B209AA69900BF8277 /* EventTableHeaderFooterView.swift in Sources */,
				AA04DEFC2134E8C500FA0507 /* MyProfileHeaderFooterView.swift in Sources */,
				FF76428E218E228F00ED7A11 /* LoadingViewController.swift in Sources */,
				AAD3E05021444461000B5000 /* EventsSearchViewController.swift in Sources */,
				FC48D37B222B0D3F00A8F8DF /* PinkClickableButton.swift in Sources */,
				AABA675420C7244600363899 /* MyEventsDatePickerView.swift in Sources */,
				AA6B45202276285C009925FF /* GenericLoadingHelper.swift in Sources */,
				DA75C21A205ABDB600C1822C /* EventsDiscoveryController.swift in Sources */,
				AABA675020C6E5DD00363899 /* User.swift in Sources */,
				AAD7D1CA2156C71D003C58E6 /* OnBoardingViewController.swift in Sources */,
				AA25744722750ADD0077B15F /* CheckInternet.swift in Sources */,
				AA58DE67207BF6F700CDC38E /* TagViewController.swift in Sources */,
				AAD3E0522144B34F000B5000 /* EventDateHelper.swift in Sources */,
				AAC2C7FE2136374400EBCC64 /* ReminderTimeOptions.swift in Sources */,
				FCD0E4D622625F5E00E180DF /* JSONParserHelper.swift in Sources */,
				AA04DEFA2134DFCB00FA0507 /* OrganizationTableViewCell.swift in Sources */,
				AAF8FC6D209AA9D200BF8277 /* SeeAllEventsHeaderFooterView.swift in Sources */,
				AAE10F4920AF42530070F515 /* Internet.swift in Sources */,
				AABA675220C6E5E400363899 /* Tag.swift in Sources */,
				DA75C21F205ABEAD00C1822C /* TabBarViewController.swift in Sources */,
				FF76428C218E227900ED7A11 /* Alert.swift in Sources */,
				AA873B4C207D616900BD413B /* DateFormatHelper.swift in Sources */,
				AADAFB2920DA019D000F72E3 /* OrganizationViewController.swift in Sources */,
				AAF8FC6F209AAF3500BF8277 /* EventListViewController.swift in Sources */,
				DA75C223205ABF0400C1822C /* MyProfileViewController.swift in Sources */,
				AAD334EA2151E83100312F31 /* LoginViewController.swift in Sources */,
				AA03DC282061B8220059EE1B /* EventDetailViewController.swift in Sources */,
				AA8861F7223D6FE500DE9180 /* Location.swift in Sources */,
				DA75C21D205ABDCD00C1822C /* Event.swift in Sources */,
				FF6F7DED215FF16500F4B680 /* CheckableTableViewCell.swift in Sources */,
				AAD3E054214500D5000B5000 /* SearchEmtpyStateView.swift in Sources */,
				AAC2C7FC21362CA500EBCC64 /* MyProfileSettingsTableViewCell.swift in Sources */,
				AAE10F4B20AF42D50070F515 /* UserData.swift in Sources */,
				AA1FFF98208ED460007A5E5C /* EventCard.swift in Sources */,
				FCD0E4DA2262E12B00E180DF /* Endpoint.swift in Sources */,
				AAD334EC215204C600312F31 /* AppData.swift in Sources */,
				AA16F3D6231B44F40031DC67 /* GoogleAnalytics.swift in Sources */,
			);
			runOnlyForDeploymentPostprocessing = 0;
		};
		A40E37DB201E91CA00B3AFA4 /* Sources */ = {
			isa = PBXSourcesBuildPhase;
			buildActionMask = 2147483647;
			files = (
				A40E37E4201E91CA00B3AFA4 /* EventsManagerTests.swift in Sources */,
			);
			runOnlyForDeploymentPostprocessing = 0;
		};
		A40E37E6201E91CA00B3AFA4 /* Sources */ = {
			isa = PBXSourcesBuildPhase;
			buildActionMask = 2147483647;
			files = (
				A40E37EF201E91CA00B3AFA4 /* EventsManagerUITests.swift in Sources */,
			);
			runOnlyForDeploymentPostprocessing = 0;
		};
/* End PBXSourcesBuildPhase section */

/* Begin PBXTargetDependency section */
		A40E37E1201E91CA00B3AFA4 /* PBXTargetDependency */ = {
			isa = PBXTargetDependency;
			target = A40E37CA201E91CA00B3AFA4 /* EventsManager */;
			targetProxy = A40E37E0201E91CA00B3AFA4 /* PBXContainerItemProxy */;
		};
		A40E37EC201E91CA00B3AFA4 /* PBXTargetDependency */ = {
			isa = PBXTargetDependency;
			target = A40E37CA201E91CA00B3AFA4 /* EventsManager */;
			targetProxy = A40E37EB201E91CA00B3AFA4 /* PBXContainerItemProxy */;
		};
/* End PBXTargetDependency section */

/* Begin PBXVariantGroup section */
		A40E37D7201E91CA00B3AFA4 /* LaunchScreen.storyboard */ = {
			isa = PBXVariantGroup;
			children = (
				A40E37D8201E91CA00B3AFA4 /* Base */,
			);
			name = LaunchScreen.storyboard;
			sourceTree = "<group>";
		};
/* End PBXVariantGroup section */

/* Begin XCBuildConfiguration section */
		A40E37F1201E91CA00B3AFA4 /* Debug */ = {
			isa = XCBuildConfiguration;
			buildSettings = {
				ALWAYS_SEARCH_USER_PATHS = NO;
				CLANG_ANALYZER_NONNULL = YES;
				CLANG_ANALYZER_NUMBER_OBJECT_CONVERSION = YES_AGGRESSIVE;
				CLANG_CXX_LANGUAGE_STANDARD = "gnu++14";
				CLANG_CXX_LIBRARY = "libc++";
				CLANG_ENABLE_MODULES = YES;
				CLANG_ENABLE_OBJC_ARC = YES;
				CLANG_WARN_BLOCK_CAPTURE_AUTORELEASING = YES;
				CLANG_WARN_BOOL_CONVERSION = YES;
				CLANG_WARN_COMMA = YES;
				CLANG_WARN_CONSTANT_CONVERSION = YES;
				CLANG_WARN_DEPRECATED_OBJC_IMPLEMENTATIONS = YES;
				CLANG_WARN_DIRECT_OBJC_ISA_USAGE = YES_ERROR;
				CLANG_WARN_DOCUMENTATION_COMMENTS = YES;
				CLANG_WARN_EMPTY_BODY = YES;
				CLANG_WARN_ENUM_CONVERSION = YES;
				CLANG_WARN_INFINITE_RECURSION = YES;
				CLANG_WARN_INT_CONVERSION = YES;
				CLANG_WARN_NON_LITERAL_NULL_CONVERSION = YES;
				CLANG_WARN_OBJC_IMPLICIT_RETAIN_SELF = YES;
				CLANG_WARN_OBJC_LITERAL_CONVERSION = YES;
				CLANG_WARN_OBJC_ROOT_CLASS = YES_ERROR;
				CLANG_WARN_RANGE_LOOP_ANALYSIS = YES;
				CLANG_WARN_STRICT_PROTOTYPES = YES;
				CLANG_WARN_SUSPICIOUS_MOVE = YES;
				CLANG_WARN_UNGUARDED_AVAILABILITY = YES_AGGRESSIVE;
				CLANG_WARN_UNREACHABLE_CODE = YES;
				CLANG_WARN__DUPLICATE_METHOD_MATCH = YES;
				CODE_SIGN_IDENTITY = "iPhone Developer";
				COPY_PHASE_STRIP = NO;
				DEBUG_INFORMATION_FORMAT = dwarf;
				ENABLE_STRICT_OBJC_MSGSEND = YES;
				ENABLE_TESTABILITY = YES;
				GCC_C_LANGUAGE_STANDARD = gnu11;
				GCC_DYNAMIC_NO_PIC = NO;
				GCC_NO_COMMON_BLOCKS = YES;
				GCC_OPTIMIZATION_LEVEL = 0;
				GCC_PREPROCESSOR_DEFINITIONS = (
					"DEBUG=1",
					"$(inherited)",
				);
				GCC_WARN_64_TO_32_BIT_CONVERSION = YES;
				GCC_WARN_ABOUT_RETURN_TYPE = YES_ERROR;
				GCC_WARN_UNDECLARED_SELECTOR = YES;
				GCC_WARN_UNINITIALIZED_AUTOS = YES_AGGRESSIVE;
				GCC_WARN_UNUSED_FUNCTION = YES;
				GCC_WARN_UNUSED_VARIABLE = YES;
				IPHONEOS_DEPLOYMENT_TARGET = 11.0;
				MTL_ENABLE_DEBUG_INFO = YES;
				ONLY_ACTIVE_ARCH = YES;
				SDKROOT = iphoneos;
				SWIFT_ACTIVE_COMPILATION_CONDITIONS = DEBUG;
				SWIFT_OPTIMIZATION_LEVEL = "-Onone";
			};
			name = Debug;
		};
		A40E37F2201E91CA00B3AFA4 /* Release */ = {
			isa = XCBuildConfiguration;
			buildSettings = {
				ALWAYS_SEARCH_USER_PATHS = NO;
				CLANG_ANALYZER_NONNULL = YES;
				CLANG_ANALYZER_NUMBER_OBJECT_CONVERSION = YES_AGGRESSIVE;
				CLANG_CXX_LANGUAGE_STANDARD = "gnu++14";
				CLANG_CXX_LIBRARY = "libc++";
				CLANG_ENABLE_MODULES = YES;
				CLANG_ENABLE_OBJC_ARC = YES;
				CLANG_WARN_BLOCK_CAPTURE_AUTORELEASING = YES;
				CLANG_WARN_BOOL_CONVERSION = YES;
				CLANG_WARN_COMMA = YES;
				CLANG_WARN_CONSTANT_CONVERSION = YES;
				CLANG_WARN_DEPRECATED_OBJC_IMPLEMENTATIONS = YES;
				CLANG_WARN_DIRECT_OBJC_ISA_USAGE = YES_ERROR;
				CLANG_WARN_DOCUMENTATION_COMMENTS = YES;
				CLANG_WARN_EMPTY_BODY = YES;
				CLANG_WARN_ENUM_CONVERSION = YES;
				CLANG_WARN_INFINITE_RECURSION = YES;
				CLANG_WARN_INT_CONVERSION = YES;
				CLANG_WARN_NON_LITERAL_NULL_CONVERSION = YES;
				CLANG_WARN_OBJC_IMPLICIT_RETAIN_SELF = YES;
				CLANG_WARN_OBJC_LITERAL_CONVERSION = YES;
				CLANG_WARN_OBJC_ROOT_CLASS = YES_ERROR;
				CLANG_WARN_RANGE_LOOP_ANALYSIS = YES;
				CLANG_WARN_STRICT_PROTOTYPES = YES;
				CLANG_WARN_SUSPICIOUS_MOVE = YES;
				CLANG_WARN_UNGUARDED_AVAILABILITY = YES_AGGRESSIVE;
				CLANG_WARN_UNREACHABLE_CODE = YES;
				CLANG_WARN__DUPLICATE_METHOD_MATCH = YES;
				CODE_SIGN_IDENTITY = "iPhone Developer";
				COPY_PHASE_STRIP = NO;
				DEBUG_INFORMATION_FORMAT = "dwarf-with-dsym";
				ENABLE_NS_ASSERTIONS = NO;
				ENABLE_STRICT_OBJC_MSGSEND = YES;
				GCC_C_LANGUAGE_STANDARD = gnu11;
				GCC_NO_COMMON_BLOCKS = YES;
				GCC_WARN_64_TO_32_BIT_CONVERSION = YES;
				GCC_WARN_ABOUT_RETURN_TYPE = YES_ERROR;
				GCC_WARN_UNDECLARED_SELECTOR = YES;
				GCC_WARN_UNINITIALIZED_AUTOS = YES_AGGRESSIVE;
				GCC_WARN_UNUSED_FUNCTION = YES;
				GCC_WARN_UNUSED_VARIABLE = YES;
				IPHONEOS_DEPLOYMENT_TARGET = 11.0;
				MTL_ENABLE_DEBUG_INFO = NO;
				SDKROOT = iphoneos;
				SWIFT_OPTIMIZATION_LEVEL = "-Owholemodule";
				VALIDATE_PRODUCT = YES;
			};
			name = Release;
		};
		A40E37F4201E91CA00B3AFA4 /* Debug */ = {
			isa = XCBuildConfiguration;
			baseConfigurationReference = A5B189B31913E827DEED20E2 /* Pods-EventsManager.debug.xcconfig */;
			buildSettings = {
				ASSETCATALOG_COMPILER_APPICON_NAME = AppIcon;
				CLANG_ENABLE_MODULES = YES;
				CODE_SIGN_ENTITLEMENTS = EventsManager/EventsManager.entitlements;
				CODE_SIGN_STYLE = Automatic;
				DEVELOPMENT_TEAM = NHAKALPCJ4;
				INFOPLIST_FILE = EventsManager/Info.plist;
				LD_RUNPATH_SEARCH_PATHS = "$(inherited) @executable_path/Frameworks";
				PRODUCT_BUNDLE_IDENTIFIER = cornell.dti.org.EventsManager;
				PRODUCT_NAME = "$(TARGET_NAME)";
				SWIFT_OBJC_BRIDGING_HEADER = "EventsManager/EventsManager-Bridging-Header.h";
				SWIFT_OPTIMIZATION_LEVEL = "-Onone";
				SWIFT_VERSION = 4.2;
				TARGETED_DEVICE_FAMILY = 1;
			};
			name = Debug;
		};
		A40E37F5201E91CA00B3AFA4 /* Release */ = {
			isa = XCBuildConfiguration;
			baseConfigurationReference = C49C20E339E2728AE58F4507 /* Pods-EventsManager.release.xcconfig */;
			buildSettings = {
				ASSETCATALOG_COMPILER_APPICON_NAME = AppIcon;
				CLANG_ENABLE_MODULES = YES;
				CODE_SIGN_ENTITLEMENTS = EventsManager/EventsManager.entitlements;
				CODE_SIGN_STYLE = Automatic;
				DEVELOPMENT_TEAM = NHAKALPCJ4;
				INFOPLIST_FILE = EventsManager/Info.plist;
				LD_RUNPATH_SEARCH_PATHS = "$(inherited) @executable_path/Frameworks";
				PRODUCT_BUNDLE_IDENTIFIER = cornell.dti.org.EventsManager;
				PRODUCT_NAME = "$(TARGET_NAME)";
				SWIFT_OBJC_BRIDGING_HEADER = "EventsManager/EventsManager-Bridging-Header.h";
				SWIFT_VERSION = 4.2;
				TARGETED_DEVICE_FAMILY = 1;
			};
			name = Release;
		};
		A40E37F7201E91CA00B3AFA4 /* Debug */ = {
			isa = XCBuildConfiguration;
			baseConfigurationReference = A104FEAB92912BC2D8036A27 /* Pods-EventsManagerTests.debug.xcconfig */;
			buildSettings = {
				ALWAYS_EMBED_SWIFT_STANDARD_LIBRARIES = YES;
				BUNDLE_LOADER = "$(TEST_HOST)";
				CODE_SIGN_STYLE = Automatic;
				INFOPLIST_FILE = EventsManagerTests/Info.plist;
				LD_RUNPATH_SEARCH_PATHS = "$(inherited) @executable_path/Frameworks @loader_path/Frameworks";
				PRODUCT_BUNDLE_IDENTIFIER = cornell.dti.com.EventsManagerTests;
				PRODUCT_NAME = "$(TARGET_NAME)";
				SWIFT_VERSION = 4.2;
				TARGETED_DEVICE_FAMILY = "1,2";
				TEST_HOST = "$(BUILT_PRODUCTS_DIR)/EventsManager.app/EventsManager";
			};
			name = Debug;
		};
		A40E37F8201E91CA00B3AFA4 /* Release */ = {
			isa = XCBuildConfiguration;
			baseConfigurationReference = 35CB3C380407A6D7E385BEAA /* Pods-EventsManagerTests.release.xcconfig */;
			buildSettings = {
				ALWAYS_EMBED_SWIFT_STANDARD_LIBRARIES = YES;
				BUNDLE_LOADER = "$(TEST_HOST)";
				CODE_SIGN_STYLE = Automatic;
				INFOPLIST_FILE = EventsManagerTests/Info.plist;
				LD_RUNPATH_SEARCH_PATHS = "$(inherited) @executable_path/Frameworks @loader_path/Frameworks";
				PRODUCT_BUNDLE_IDENTIFIER = cornell.dti.com.EventsManagerTests;
				PRODUCT_NAME = "$(TARGET_NAME)";
				SWIFT_VERSION = 4.2;
				TARGETED_DEVICE_FAMILY = "1,2";
				TEST_HOST = "$(BUILT_PRODUCTS_DIR)/EventsManager.app/EventsManager";
			};
			name = Release;
		};
		A40E37FA201E91CA00B3AFA4 /* Debug */ = {
			isa = XCBuildConfiguration;
			baseConfigurationReference = F096C0D8F2A1649F807DCAE2 /* Pods-EventsManagerUITests.debug.xcconfig */;
			buildSettings = {
				ALWAYS_EMBED_SWIFT_STANDARD_LIBRARIES = YES;
				CODE_SIGN_STYLE = Automatic;
				INFOPLIST_FILE = EventsManagerUITests/Info.plist;
				LD_RUNPATH_SEARCH_PATHS = "$(inherited) @executable_path/Frameworks @loader_path/Frameworks";
				PRODUCT_BUNDLE_IDENTIFIER = cornell.dti.com.EventsManagerUITests;
				PRODUCT_NAME = "$(TARGET_NAME)";
				SWIFT_VERSION = 4.2;
				TARGETED_DEVICE_FAMILY = "1,2";
				TEST_TARGET_NAME = EventsManager;
			};
			name = Debug;
		};
		A40E37FB201E91CA00B3AFA4 /* Release */ = {
			isa = XCBuildConfiguration;
			baseConfigurationReference = CB2AB3B6C27F698CDD077DDC /* Pods-EventsManagerUITests.release.xcconfig */;
			buildSettings = {
				ALWAYS_EMBED_SWIFT_STANDARD_LIBRARIES = YES;
				CODE_SIGN_STYLE = Automatic;
				INFOPLIST_FILE = EventsManagerUITests/Info.plist;
				LD_RUNPATH_SEARCH_PATHS = "$(inherited) @executable_path/Frameworks @loader_path/Frameworks";
				PRODUCT_BUNDLE_IDENTIFIER = cornell.dti.com.EventsManagerUITests;
				PRODUCT_NAME = "$(TARGET_NAME)";
				SWIFT_VERSION = 4.2;
				TARGETED_DEVICE_FAMILY = "1,2";
				TEST_TARGET_NAME = EventsManager;
			};
			name = Release;
		};
/* End XCBuildConfiguration section */

/* Begin XCConfigurationList section */
		A40E37C6201E91CA00B3AFA4 /* Build configuration list for PBXProject "EventsManager" */ = {
			isa = XCConfigurationList;
			buildConfigurations = (
				A40E37F1201E91CA00B3AFA4 /* Debug */,
				A40E37F2201E91CA00B3AFA4 /* Release */,
			);
			defaultConfigurationIsVisible = 0;
			defaultConfigurationName = Release;
		};
		A40E37F3201E91CA00B3AFA4 /* Build configuration list for PBXNativeTarget "EventsManager" */ = {
			isa = XCConfigurationList;
			buildConfigurations = (
				A40E37F4201E91CA00B3AFA4 /* Debug */,
				A40E37F5201E91CA00B3AFA4 /* Release */,
			);
			defaultConfigurationIsVisible = 0;
			defaultConfigurationName = Release;
		};
		A40E37F6201E91CA00B3AFA4 /* Build configuration list for PBXNativeTarget "EventsManagerTests" */ = {
			isa = XCConfigurationList;
			buildConfigurations = (
				A40E37F7201E91CA00B3AFA4 /* Debug */,
				A40E37F8201E91CA00B3AFA4 /* Release */,
			);
			defaultConfigurationIsVisible = 0;
			defaultConfigurationName = Release;
		};
		A40E37F9201E91CA00B3AFA4 /* Build configuration list for PBXNativeTarget "EventsManagerUITests" */ = {
			isa = XCConfigurationList;
			buildConfigurations = (
				A40E37FA201E91CA00B3AFA4 /* Debug */,
				A40E37FB201E91CA00B3AFA4 /* Release */,
			);
			defaultConfigurationIsVisible = 0;
			defaultConfigurationName = Release;
		};
/* End XCConfigurationList section */
	};
	rootObject = A40E37C3201E91CA00B3AFA4 /* Project object */;
}
